{
    "_readme": [
        "This file locks the dependencies of your project to a known state",
        "Read more about it at https://getcomposer.org/doc/01-basic-usage.md#installing-dependencies",
        "This file is @generated automatically"
    ],
    "content-hash": "c7339804b769e9ed973e377124d30ef2",
    "packages": [
        {
            "name": "blackspot/service-integrations-container",
            "version": "dev-master",
            "source": {
                "type": "git",
                "url": "https://github.com/Guillermo-Blackspot/service-integrations-container.git",
                "reference": "a024eae9b15767888e3183d1e2105775244dc206"
            },
            "dist": {
                "type": "zip",
                "url": "https://api.github.com/repos/Guillermo-Blackspot/service-integrations-container/zipball/a024eae9b15767888e3183d1e2105775244dc206",
                "reference": "a024eae9b15767888e3183d1e2105775244dc206",
                "shasum": ""
            },
            "default-branch": true,
            "type": "library",
            "extra": {
                "laravel": {
                    "providers": [
                        "BlackSpot\\ServiceIntegrationsContainer\\ServiceProvider"
                    ]
                }
            },
            "autoload": {
                "psr-4": {
                    "BlackSpot\\ServiceIntegrationsContainer\\": "src/"
                }
            },
            "notification-url": "https://packagist.org/downloads/",
            "license": [
                "MIT"
            ],
            "authors": [
                {
                    "name": "Guillermo-Rodriguez",
                    "email": "guillermo.blackspot@gmail.com"
                }
            ],
            "description": "The service integrations container base for stripe multiple accounts and system_charges",
            "support": {
                "issues": "https://github.com/Guillermo-Blackspot/service-integrations-container/issues",
                "source": "https://github.com/Guillermo-Blackspot/service-integrations-container/tree/master"
            },
            "time": "2023-03-17T21:09:02+00:00"
        },
        {
            "name": "stripe/stripe-php",
            "version": "v9.9.0",
            "source": {
                "type": "git",
                "url": "https://github.com/stripe/stripe-php.git",
                "reference": "479b5c2136fde0debb93d290ceaf20dd161c358f"
            },
            "dist": {
                "type": "zip",
                "url": "https://api.github.com/repos/stripe/stripe-php/zipball/479b5c2136fde0debb93d290ceaf20dd161c358f",
                "reference": "479b5c2136fde0debb93d290ceaf20dd161c358f",
                "shasum": ""
            },
            "require": {
                "ext-curl": "*",
                "ext-json": "*",
                "ext-mbstring": "*",
                "php": ">=5.6.0"
            },
            "require-dev": {
                "friendsofphp/php-cs-fixer": "3.5.0",
                "php-coveralls/php-coveralls": "^2.5",
                "phpstan/phpstan": "^1.2",
                "phpunit/phpunit": "^5.7 || ^9.0",
                "squizlabs/php_codesniffer": "^3.3"
            },
            "type": "library",
            "extra": {
                "branch-alias": {
                    "dev-master": "2.0-dev"
                }
            },
            "autoload": {
                "psr-4": {
                    "Stripe\\": "lib/"
                }
            },
            "notification-url": "https://packagist.org/downloads/",
            "license": [
                "MIT"
            ],
            "authors": [
                {
                    "name": "Stripe and contributors",
                    "homepage": "https://github.com/stripe/stripe-php/contributors"
                }
            ],
            "description": "Stripe PHP Library",
            "homepage": "https://stripe.com/",
            "keywords": [
                "api",
                "payment processing",
                "stripe"
            ],
            "support": {
                "issues": "https://github.com/stripe/stripe-php/issues",
                "source": "https://github.com/stripe/stripe-php/tree/v9.9.0"
            },
            "time": "2022-11-08T20:25:52+00:00"
        }
    ],
    "packages-dev": [],
    "aliases": [],
    "minimum-stability": "dev",
    "stability-flags": {
        "blackspot/service-integrations-container": 20
    },
    "prefer-stable": false,
    "prefer-lowest": false,
    "platform": {
        "php": ">=7.3"
    },
    "platform-dev": [],
    "plugin-api-version": "2.1.0"
}
